
Microsoft Visual Studio Solution File, Format Version 12.00
# Visual Studio Version 17
VisualStudioVersion = 17.2.32616.157
MinimumVisualStudioVersion = 10.0.40219.1
Project("{FAE04EC0-301F-11D3-BF4B-00C04F79EFBC}") = "Project_Geometric_Shapes", "Project_Geometric_Shapes\Project_Geometric_Shapes.csproj", "{1090C34B-CA3D-4088-8A0A-938D8B08B92D}"
EndProject
Global
	GlobalSection(SolutionConfigurationPlatforms) = preSolution
		Debug|Any CPU = Debug|Any CPU
		Release|Any CPU = Release|Any CPU
	EndGlobalSection
	GlobalSection(ProjectConfigurationPlatforms) = postSolution
		{1090C34B-CA3D-4088-8A0A-938D8B08B92D}.Debug|Any CPU.ActiveCfg = Debug|Any CPU
		{1090C34B-CA3D-4088-8A0A-938D8B08B92D}.Debug|Any CPU.Build.0 = Debug|Any CPU
		{1090C34B-CA3D-4088-8A0A-938D8B08B92D}.Release|Any CPU.ActiveCfg = Release|Any CPU
		{1090C34B-CA3D-4088-8A0A-938D8B08B92D}.Release|Any CPU.Build.0 = Release|Any CPU
	EndGlobalSection
	GlobalSection(SolutionProperties) = preSolution
		HideSolutionNode = FALSE
	EndGlobalSection
	GlobalSection(ExtensibilityGlobals) = postSolution
		SolutionGuid = {C174E4AF-F85E-479A-A4BB-FEEC254F021C}
	EndGlobalSection
EndGlobal
