
Microsoft Visual Studio Solution File, Format Version 12.00
# Visual Studio Version 17
VisualStudioVersion = 17.2.32616.157
MinimumVisualStudioVersion = 10.0.40219.1
Project("{FAE04EC0-301F-11D3-BF4B-00C04F79EFBC}") = "Project_Geometric_Shapes.Test", "Project_Geometric_Shapes.Test\Project_Geometric_Shapes.Test.csproj", "{EA895171-AF24-4747-8E2E-E48976F81D4E}"
EndProject
Global
	GlobalSection(SolutionConfigurationPlatforms) = preSolution
		Debug|Any CPU = Debug|Any CPU
		Release|Any CPU = Release|Any CPU
	EndGlobalSection
	GlobalSection(ProjectConfigurationPlatforms) = postSolution
		{EA895171-AF24-4747-8E2E-E48976F81D4E}.Debug|Any CPU.ActiveCfg = Debug|Any CPU
		{EA895171-AF24-4747-8E2E-E48976F81D4E}.Debug|Any CPU.Build.0 = Debug|Any CPU
		{EA895171-AF24-4747-8E2E-E48976F81D4E}.Release|Any CPU.ActiveCfg = Release|Any CPU
		{EA895171-AF24-4747-8E2E-E48976F81D4E}.Release|Any CPU.Build.0 = Release|Any CPU
	EndGlobalSection
	GlobalSection(SolutionProperties) = preSolution
		HideSolutionNode = FALSE
	EndGlobalSection
	GlobalSection(ExtensibilityGlobals) = postSolution
		SolutionGuid = {75DBE43B-469C-4C2A-8FF2-51878ECD0CD4}
	EndGlobalSection
EndGlobal
